
Microsoft Visual Studio Solution File, Format Version 12.00
# Visual Studio 14
VisualStudioVersion = 14.0.25420.1
MinimumVisualStudioVersion = 10.0.40219.1
Project("{8BC9CEB8-8B4A-11D0-8D11-00A0C91BC942}") = "pngquant", "pngquant.vcxproj", "{71BA9500-74F2-48B3-B5CD-CD48121C6B4B}"
EndProject
Project("{8BC9CEB8-8B4A-11D0-8D11-00A0C91BC942}") = "libimagequant", "lib\libimagequant.vcxproj", "{0F559900-1429-481F-970D-28295EE9E1C2}"
EndProject
Global
	GlobalSection(SolutionConfigurationPlatforms) = preSolution
		Debug|x64 = Debug|x64
		Debug|x86 = Debug|x86
		Release|x64 = Release|x64
		Release|x86 = Release|x86
	EndGlobalSection
	GlobalSection(ProjectConfigurationPlatforms) = postSolution
		{71BA9500-74F2-48B3-B5CD-CD48121C6B4B}.Debug|x64.ActiveCfg = Debug|x64
		{71BA9500-74F2-48B3-B5CD-CD48121C6B4B}.Debug|x64.Build.0 = Debug|x64
		{71BA9500-74F2-48B3-B5CD-CD48121C6B4B}.Debug|x86.ActiveCfg = Debug|Win32
		{71BA9500-74F2-48B3-B5CD-CD48121C6B4B}.Debug|x86.Build.0 = Debug|Win32
		{71BA9500-74F2-48B3-B5CD-CD48121C6B4B}.Release|x64.ActiveCfg = Release|x64
		{71BA9500-74F2-48B3-B5CD-CD48121C6B4B}.Release|x64.Build.0 = Release|x64
		{71BA9500-74F2-48B3-B5CD-CD48121C6B4B}.Release|x86.ActiveCfg = Release|Win32
		{71BA9500-74F2-48B3-B5CD-CD48121C6B4B}.Release|x86.Build.0 = Release|Win32
		{0F559900-1429-481F-970D-28295EE9E1C2}.Debug|x64.ActiveCfg = Debug|x64
		{0F559900-1429-481F-970D-28295EE9E1C2}.Debug|x64.Build.0 = Debug|x64
		{0F559900-1429-481F-970D-28295EE9E1C2}.Debug|x86.ActiveCfg = Debug|Win32
		{0F559900-1429-481F-970D-28295EE9E1C2}.Debug|x86.Build.0 = Debug|Win32
		{0F559900-1429-481F-970D-28295EE9E1C2}.Release|x64.ActiveCfg = Release|x64
		{0F559900-1429-481F-970D-28295EE9E1C2}.Release|x64.Build.0 = Release|x64
		{0F559900-1429-481F-970D-28295EE9E1C2}.Release|x86.ActiveCfg = Release|Win32
		{0F559900-1429-481F-970D-28295EE9E1C2}.Release|x86.Build.0 = Release|Win32
	EndGlobalSection
	GlobalSection(SolutionProperties) = preSolution
		HideSolutionNode = FALSE
	EndGlobalSection
EndGlobal
